
Microsoft Visual Studio Solution File, Format Version 12.00
# Visual Studio Version 16
VisualStudioVersion = 16.0.29009.5
MinimumVisualStudioVersion = 10.0.40219.1
Project("{FAE04EC0-301F-11D3-BF4B-00C04F79EFBC}") = "Assignment2", "Assignment2\Assignment2.csproj", "{915D1522-4965-4DE4-82A2-0F01B8BA7EBE}"
EndProject
Global
	GlobalSection(SolutionConfigurationPlatforms) = preSolution
		Debug|Any CPU = Debug|Any CPU
		Release|Any CPU = Release|Any CPU
	EndGlobalSection
	GlobalSection(ProjectConfigurationPlatforms) = postSolution
		{915D1522-4965-4DE4-82A2-0F01B8BA7EBE}.Debug|Any CPU.ActiveCfg = Debug|Any CPU
		{915D1522-4965-4DE4-82A2-0F01B8BA7EBE}.Debug|Any CPU.Build.0 = Debug|Any CPU
		{915D1522-4965-4DE4-82A2-0F01B8BA7EBE}.Release|Any CPU.ActiveCfg = Release|Any CPU
		{915D1522-4965-4DE4-82A2-0F01B8BA7EBE}.Release|Any CPU.Build.0 = Release|Any CPU
	EndGlobalSection
	GlobalSection(SolutionProperties) = preSolution
		HideSolutionNode = FALSE
	EndGlobalSection
	GlobalSection(ExtensibilityGlobals) = postSolution
		SolutionGuid = {197B6AEA-FB8B-430E-A7C6-B11303D5BE77}
	EndGlobalSection
EndGlobal
